
Microsoft Visual Studio Solution File, Format Version 12.00
# Visual Studio Version 17
VisualStudioVersion = 17.8.34309.116
MinimumVisualStudioVersion = 10.0.40219.1
Project("{FAE04EC0-301F-11D3-BF4B-00C04F79EFBC}") = "P4 Projekt WPF EP2B", "P4 Projekt WPF EP2B\P4 Projekt WPF EP2B.csproj", "{13BD6E0D-434C-4733-AF9B-3327192EDFCD}"
EndProject
Global
	GlobalSection(SolutionConfigurationPlatforms) = preSolution
		Debug|Any CPU = Debug|Any CPU
		Release|Any CPU = Release|Any CPU
	EndGlobalSection
	GlobalSection(ProjectConfigurationPlatforms) = postSolution
		{13BD6E0D-434C-4733-AF9B-3327192EDFCD}.Debug|Any CPU.ActiveCfg = Debug|Any CPU
		{13BD6E0D-434C-4733-AF9B-3327192EDFCD}.Debug|Any CPU.Build.0 = Debug|Any CPU
		{13BD6E0D-434C-4733-AF9B-3327192EDFCD}.Release|Any CPU.ActiveCfg = Release|Any CPU
		{13BD6E0D-434C-4733-AF9B-3327192EDFCD}.Release|Any CPU.Build.0 = Release|Any CPU
	EndGlobalSection
	GlobalSection(SolutionProperties) = preSolution
		HideSolutionNode = FALSE
	EndGlobalSection
	GlobalSection(ExtensibilityGlobals) = postSolution
		SolutionGuid = {5FE2D123-6168-4855-AF58-91E0837F8341}
	EndGlobalSection
EndGlobal
